
Microsoft Visual Studio Solution File, Format Version 12.00
# Visual Studio 2013
VisualStudioVersion = 12.0.40418.0
MinimumVisualStudioVersion = 10.0.40219.1
Project("{FAE04EC0-301F-11D3-BF4B-00C04F79EFBC}") = "LearnPolish.Phone", "LearnPolish.Phone\LearnPolish.Phone.csproj", "{60E4B66F-B2A7-4640-81ED-A218FDDB9274}"
EndProject
Project("{D954291E-2A0B-460D-934E-DC6B0785DB48}") = "LearnPolish.Shared", "LearnPolish.Shared\LearnPolish.Shared.shproj", "{7C033345-84B7-4FCA-AA69-472141DF8CCF}"
EndProject
Global
	GlobalSection(SharedMSBuildProjectFiles) = preSolution
		LearnPolish.Shared\LearnPolish.Shared.projitems*{7c033345-84b7-4fca-aa69-472141df8ccf}*SharedItemsImports = 13
		LearnPolish.Shared\LearnPolish.Shared.projitems*{60e4b66f-b2a7-4640-81ed-a218fddb9274}*SharedItemsImports = 4
	EndGlobalSection
	GlobalSection(SolutionConfigurationPlatforms) = preSolution
		Debug|Any CPU = Debug|Any CPU
		Debug|ARM = Debug|ARM
		Debug|x64 = Debug|x64
		Debug|x86 = Debug|x86
		Release|Any CPU = Release|Any CPU
		Release|ARM = Release|ARM
		Release|x64 = Release|x64
		Release|x86 = Release|x86
	EndGlobalSection
	GlobalSection(ProjectConfigurationPlatforms) = postSolution
		{60E4B66F-B2A7-4640-81ED-A218FDDB9274}.Debug|Any CPU.ActiveCfg = Debug|Any CPU
		{60E4B66F-B2A7-4640-81ED-A218FDDB9274}.Debug|Any CPU.Build.0 = Debug|Any CPU
		{60E4B66F-B2A7-4640-81ED-A218FDDB9274}.Debug|Any CPU.Deploy.0 = Debug|Any CPU
		{60E4B66F-B2A7-4640-81ED-A218FDDB9274}.Debug|ARM.ActiveCfg = Debug|ARM
		{60E4B66F-B2A7-4640-81ED-A218FDDB9274}.Debug|ARM.Build.0 = Debug|ARM
		{60E4B66F-B2A7-4640-81ED-A218FDDB9274}.Debug|ARM.Deploy.0 = Debug|ARM
		{60E4B66F-B2A7-4640-81ED-A218FDDB9274}.Debug|x64.ActiveCfg = Debug|Any CPU
		{60E4B66F-B2A7-4640-81ED-A218FDDB9274}.Debug|x86.ActiveCfg = Debug|x86
		{60E4B66F-B2A7-4640-81ED-A218FDDB9274}.Debug|x86.Build.0 = Debug|x86
		{60E4B66F-B2A7-4640-81ED-A218FDDB9274}.Debug|x86.Deploy.0 = Debug|x86
		{60E4B66F-B2A7-4640-81ED-A218FDDB9274}.Release|Any CPU.ActiveCfg = Release|Any CPU
		{60E4B66F-B2A7-4640-81ED-A218FDDB9274}.Release|Any CPU.Build.0 = Release|Any CPU
		{60E4B66F-B2A7-4640-81ED-A218FDDB9274}.Release|Any CPU.Deploy.0 = Release|Any CPU
		{60E4B66F-B2A7-4640-81ED-A218FDDB9274}.Release|ARM.ActiveCfg = Release|ARM
		{60E4B66F-B2A7-4640-81ED-A218FDDB9274}.Release|ARM.Build.0 = Release|ARM
		{60E4B66F-B2A7-4640-81ED-A218FDDB9274}.Release|ARM.Deploy.0 = Release|ARM
		{60E4B66F-B2A7-4640-81ED-A218FDDB9274}.Release|x64.ActiveCfg = Release|Any CPU
		{60E4B66F-B2A7-4640-81ED-A218FDDB9274}.Release|x86.ActiveCfg = Release|x86
		{60E4B66F-B2A7-4640-81ED-A218FDDB9274}.Release|x86.Build.0 = Release|x86
		{60E4B66F-B2A7-4640-81ED-A218FDDB9274}.Release|x86.Deploy.0 = Release|x86
	EndGlobalSection
	GlobalSection(SolutionProperties) = preSolution
		HideSolutionNode = FALSE
	EndGlobalSection
EndGlobal
