
Microsoft Visual Studio Solution File, Format Version 11.00
# Visual Studio 2010
Project("{FAE04EC0-301F-11D3-BF4B-00C04F79EFBC}") = "LearnPolish.Android", "LearnPolish.Android.csproj", "{8F511502-6B46-4818-A247-D196046ED7EE}"
EndProject
Global
	GlobalSection(SolutionConfigurationPlatforms) = preSolution
		Debug|Any CPU = Debug|Any CPU
		Release|Any CPU = Release|Any CPU
	EndGlobalSection
	GlobalSection(ProjectConfigurationPlatforms) = postSolution
		{8F511502-6B46-4818-A247-D196046ED7EE}.Debug|Any CPU.ActiveCfg = Debug|Any CPU
		{8F511502-6B46-4818-A247-D196046ED7EE}.Debug|Any CPU.Build.0 = Debug|Any CPU
		{8F511502-6B46-4818-A247-D196046ED7EE}.Release|Any CPU.ActiveCfg = Release|Any CPU
		{8F511502-6B46-4818-A247-D196046ED7EE}.Release|Any CPU.Build.0 = Release|Any CPU
	EndGlobalSection
	GlobalSection(MonoDevelopProperties) = preSolution
		StartupItem = LearnPolish.Android.csproj
	EndGlobalSection
EndGlobal
